<?xml version="1.0" encoding="utf-8"?>
<Project ToolsVersion="4.0" xmlns="http://schemas.microsoft.com/developer/msbuild/2003">
  <ItemGroup>
    <Filter Include="Guristas">
      <UniqueIdentifier>{3747EC41-2314-474D-4C2D-35F538597CDB}</UniqueIdentifier>
    </Filter>
  </ItemGroup>
  <ItemGroup>
    <ClInclude Include="src\Guristas.h" />
    <ClInclude Include="src\Guristas\Application.h">
      <Filter>Guristas</Filter>
    </ClInclude>
    <ClInclude Include="src\Guristas\Core.h">
      <Filter>Guristas</Filter>
    </ClInclude>
    <ClInclude Include="src\Guristas\EntryPoint.h">
      <Filter>Guristas</Filter>
    </ClInclude>
    <ClInclude Include="src\Guristas\Logger.h">
      <Filter>Guristas</Filter>
    </ClInclude>
  </ItemGroup>
  <ItemGroup>
    <ClCompile Include="src\Guristas\Application.cpp">
      <Filter>Guristas</Filter>
    </ClCompile>
    <ClCompile Include="src\Guristas\Logger.cpp">
      <Filter>Guristas</Filter>
    </ClCompile>
  </ItemGroup>
</Project>